// !$*UTF8*$!
{
	archiveVersion = 1;
	classes = {
	};
	objectVersion = 46;
	objects = {

/* Begin PBXBuildFile section */
		675E71EB1C6190E20019134D /* AppDelegate.swift in Sources */ = {isa = PBXBuildFile; fileRef = 675E71EA1C6190E20019134D /* AppDelegate.swift */; };
		675E71ED1C6190E20019134D /* ViewController.swift in Sources */ = {isa = PBXBuildFile; fileRef = 675E71EC1C6190E20019134D /* ViewController.swift */; };
		675E71F01C6190E20019134D /* Main.storyboard in Resources */ = {isa = PBXBuildFile; fileRef = 675E71EE1C6190E20019134D /* Main.storyboard */; };
		675E71F21C6190E20019134D /* Assets.xcassets in Resources */ = {isa = PBXBuildFile; fileRef = 675E71F11C6190E20019134D /* Assets.xcassets */; };
		675E71F51C6190E20019134D /* LaunchScreen.storyboard in Resources */ = {isa = PBXBuildFile; fileRef = 675E71F31C6190E20019134D /* LaunchScreen.storyboard */; };
		675E72001C6190E20019134D /* CSE615_HW1_P2Tests.swift in Sources */ = {isa = PBXBuildFile; fileRef = 675E71FF1C6190E20019134D /* CSE615_HW1_P2Tests.swift */; };
/* End PBXBuildFile section */

/* Begin PBXContainerItemProxy section */
		675E71FC1C6190E20019134D /* PBXContainerItemProxy */ = {
			isa = PBXContainerItemProxy;
			containerPortal = 675E71DF1C6190E20019134D /* Project object */;
			proxyType = 1;
			remoteGlobalIDString = 675E71E61C6190E20019134D;
			remoteInfo = CSE615_HW1_P2;
		};
/* End PBXContainerItemProxy section */

/* Begin PBXFileReference section */
		675E71E71C6190E20019134D /* CSE615_HW1_P2.app */ = {isa = PBXFileReference; explicitFileType = wrapper.application; includeInIndex = 0; path = CSE615_HW1_P2.app; sourceTree = BUILT_PRODUCTS_DIR; };
		675E71EA1C6190E20019134D /* AppDelegate.swift */ = {isa = PBXFileReference; lastKnownFileType = sourcecode.swift; path = AppDelegate.swift; sourceTree = "<group>"; };
		675E71EC1C6190E20019134D /* ViewController.swift */ = {isa = PBXFileReference; lastKnownFileType = sourcecode.swift; path = ViewController.swift; sourceTree = "<group>"; };
		675E71EF1C6190E20019134D /* Base */ = {isa = PBXFileReference; lastKnownFileType = file.storyboard; name = Base; path = Base.lproj/Main.storyboard; sourceTree = "<group>"; };
		675E71F11C6190E20019134D /* Assets.xcassets */ = {isa = PBXFileReference; lastKnownFileType = folder.assetcatalog; path = Assets.xcassets; sourceTree = "<group>"; };
		675E71F41C6190E20019134D /* Base */ = {isa = PBXFileReference; lastKnownFileType = file.storyboard; name = Base; path = Base.lproj/LaunchScreen.storyboard; sourceTree = "<group>"; };
		675E71F61C6190E20019134D /* Info.plist */ = {isa = PBXFileReference; lastKnownFileType = text.plist.xml; path = Info.plist; sourceTree = "<group>"; };
		675E71FB1C6190E20019134D /* CSE615_HW1_P2Tests.xctest */ = {isa = PBXFileReference; explicitFileType = wrapper.cfbundle; includeInIndex = 0; path = CSE615_HW1_P2Tests.xctest; sourceTree = BUILT_PRODUCTS_DIR; };
		675E71FF1C6190E20019134D /* CSE615_HW1_P2Tests.swift */ = {isa = PBXFileReference; lastKnownFileType = sourcecode.swift; path = CSE615_HW1_P2Tests.swift; sourceTree = "<group>"; };
		675E72011C6190E20019134D /* Info.plist */ = {isa = PBXFileReference; lastKnownFileType = text.plist.xml; path = Info.plist; sourceTree = "<group>"; };
/* End PBXFileReference section */

/* Begin PBXFrameworksBuildPhase section */
		675E71E41C6190E20019134D /* Frameworks */ = {
			isa = PBXFrameworksBuildPhase;
			buildActionMask = 2147483647;
			files = (
			);
			runOnlyForDeploymentPostprocessing = 0;
		};
		675E71F81C6190E20019134D /* Frameworks */ = {
			isa = PBXFrameworksBuildPhase;
			buildActionMask = 2147483647;
			files = (
			);
			runOnlyForDeploymentPostprocessing = 0;
		};
/* End PBXFrameworksBuildPhase section */

/* Begin PBXGroup section */
		675E71DE1C6190E20019134D = {
			isa = PBXGroup;
			children = (
				675E71E91C6190E20019134D /* CSE615_HW1_P2 */,
				675E71FE1C6190E20019134D /* CSE615_HW1_P2Tests */,
				675E71E81C6190E20019134D /* Products */,
			);
			sourceTree = "<group>";
		};
		675E71E81C6190E20019134D /* Products */ = {
			isa = PBXGroup;
			children = (
				675E71E71C6190E20019134D /* CSE615_HW1_P2.app */,
				675E71FB1C6190E20019134D /* CSE615_HW1_P2Tests.xctest */,
			);
			name = Products;
			sourceTree = "<group>";
		};
		675E71E91C6190E20019134D /* CSE615_HW1_P2 */ = {
			isa = PBXGroup;
			children = (
				675E71EA1C6190E20019134D /* AppDelegate.swift */,
				675E71EC1C6190E20019134D /* ViewController.swift */,
				675E71EE1C6190E20019134D /* Main.storyboard */,
				675E71F11C6190E20019134D /* Assets.xcassets */,
				675E71F31C6190E20019134D /* LaunchScreen.storyboard */,
				675E71F61C6190E20019134D /* Info.plist */,
			);
			path = CSE615_HW1_P2;
			sourceTree = "<group>";
		};
		675E71FE1C6190E20019134D /* CSE615_HW1_P2Tests */ = {
			isa = PBXGroup;
			children = (
				675E71FF1C6190E20019134D /* CSE615_HW1_P2Tests.swift */,
				675E72011C6190E20019134D /* Info.plist */,
			);
			path = CSE615_HW1_P2Tests;
			sourceTree = "<group>";
		};
/* End PBXGroup section */

/* Begin PBXNativeTarget section */
		675E71E61C6190E20019134D /* CSE615_HW1_P2 */ = {
			isa = PBXNativeTarget;
			buildConfigurationList = 675E72041C6190E20019134D /* Build configuration list for PBXNativeTarget "CSE615_HW1_P2" */;
			buildPhases = (
				675E71E31C6190E20019134D /* Sources */,
				675E71E41C6190E20019134D /* Frameworks */,
				675E71E51C6190E20019134D /* Resources */,
			);
			buildRules = (
			);
			dependencies = (
			);
			name = CSE615_HW1_P2;
			productName = CSE615_HW1_P2;
			productReference = 675E71E71C6190E20019134D /* CSE615_HW1_P2.app */;
			productType = "com.apple.product-type.application";
		};
		675E71FA1C6190E20019134D /* CSE615_HW1_P2Tests */ = {
			isa = PBXNativeTarget;
			buildConfigurationList = 675E72071C6190E20019134D /* Build configuration list for PBXNativeTarget "CSE615_HW1_P2Tests" */;
			buildPhases = (
				675E71F71C6190E20019134D /* Sources */,
				675E71F81C6190E20019134D /* Frameworks */,
				675E71F91C6190E20019134D /* Resources */,
			);
			buildRules = (
			);
			dependencies = (
				675E71FD1C6190E20019134D /* PBXTargetDependency */,
			);
			name = CSE615_HW1_P2Tests;
			productName = CSE615_HW1_P2Tests;
			productReference = 675E71FB1C6190E20019134D /* CSE615_HW1_P2Tests.xctest */;
			productType = "com.apple.product-type.bundle.unit-test";
		};
/* End PBXNativeTarget section */

/* Begin PBXProject section */
		675E71DF1C6190E20019134D /* Project object */ = {
			isa = PBXProject;
			attributes = {
				LastSwiftUpdateCheck = 0720;
				LastUpgradeCheck = 0720;
				ORGANIZATIONNAME = "Venkata Chekuri";
				TargetAttributes = {
					675E71E61C6190E20019134D = {
						CreatedOnToolsVersion = 7.2;
					};
					675E71FA1C6190E20019134D = {
						CreatedOnToolsVersion = 7.2;
						TestTargetID = 675E71E61C6190E20019134D;
					};
				};
			};
			buildConfigurationList = 675E71E21C6190E20019134D /* Build configuration list for PBXProject "CSE615_HW1_P2" */;
			compatibilityVersion = "Xcode 3.2";
			developmentRegion = English;
			hasScannedForEncodings = 0;
			knownRegions = (
				en,
				Base,
			);
			mainGroup = 675E71DE1C6190E20019134D;
			productRefGroup = 675E71E81C6190E20019134D /* Products */;
			projectDirPath = "";
			projectRoot = "";
			targets = (
				675E71E61C6190E20019134D /* CSE615_HW1_P2 */,
				675E71FA1C6190E20019134D /* CSE615_HW1_P2Tests */,
			);
		};
/* End PBXProject section */

/* Begin PBXResourcesBuildPhase section */
		675E71E51C6190E20019134D /* Resources */ = {
			isa = PBXResourcesBuildPhase;
			buildActionMask = 2147483647;
			files = (
				675E71F51C6190E20019134D /* LaunchScreen.storyboard in Resources */,
				675E71F21C6190E20019134D /* Assets.xcassets in Resources */,
				675E71F01C6190E20019134D /* Main.storyboard in Resources */,
			);
			runOnlyForDeploymentPostprocessing = 0;
		};
		675E71F91C6190E20019134D /* Resources */ = {
			isa = PBXResourcesBuildPhase;
			buildActionMask = 2147483647;
			files = (
			);
			runOnlyForDeploymentPostprocessing = 0;
		};
/* End PBXResourcesBuildPhase section */

/* Begin PBXSourcesBuildPhase section */
		675E71E31C6190E20019134D /* Sources */ = {
			isa = PBXSourcesBuildPhase;
			buildActionMask = 2147483647;
			files = (
				675E71ED1C6190E20019134D /* ViewController.swift in Sources */,
				675E71EB1C6190E20019134D /* AppDelegate.swift in Sources */,
			);
			runOnlyForDeploymentPostprocessing = 0;
		};
		675E71F71C6190E20019134D /* Sources */ = {
			isa = PBXSourcesBuildPhase;
			buildActionMask = 2147483647;
			files = (
				675E72001C6190E20019134D /* CSE615_HW1_P2Tests.swift in Sources */,
			);
			runOnlyForDeploymentPostprocessing = 0;
		};
/* End PBXSourcesBuildPhase section */

/* Begin PBXTargetDependency section */
		675E71FD1C6190E20019134D /* PBXTargetDependency */ = {
			isa = PBXTargetDependency;
			target = 675E71E61C6190E20019134D /* CSE615_HW1_P2 */;
			targetProxy = 675E71FC1C6190E20019134D /* PBXContainerItemProxy */;
		};
/* End PBXTargetDependency section */

/* Begin PBXVariantGroup section */
		675E71EE1C6190E20019134D /* Main.storyboard */ = {
			isa = PBXVariantGroup;
			children = (
				675E71EF1C6190E20019134D /* Base */,
			);
			name = Main.storyboard;
			sourceTree = "<group>";
		};
		675E71F31C6190E20019134D /* LaunchScreen.storyboard */ = {
			isa = PBXVariantGroup;
			children = (
				675E71F41C6190E20019134D /* Base */,
			);
			name = LaunchScreen.storyboard;
			sourceTree = "<group>";
		};
/* End PBXVariantGroup section */

/* Begin XCBuildConfiguration section */
		675E72021C6190E20019134D /* Debug */ = {
			isa = XCBuildConfiguration;
			buildSettings = {
				ALWAYS_SEARCH_USER_PATHS = NO;
				CLANG_CXX_LANGUAGE_STANDARD = "gnu++0x";
				CLANG_CXX_LIBRARY = "libc++";
				CLANG_ENABLE_MODULES = YES;
				CLANG_ENABLE_OBJC_ARC = YES;
				CLANG_WARN_BOOL_CONVERSION = YES;
				CLANG_WARN_CONSTANT_CONVERSION = YES;
				CLANG_WARN_DIRECT_OBJC_ISA_USAGE = YES_ERROR;
				CLANG_WARN_EMPTY_BODY = YES;
				CLANG_WARN_ENUM_CONVERSION = YES;
				CLANG_WARN_INT_CONVERSION = YES;
				CLANG_WARN_OBJC_ROOT_CLASS = YES_ERROR;
				CLANG_WARN_UNREACHABLE_CODE = YES;
				CLANG_WARN__DUPLICATE_METHOD_MATCH = YES;
				"CODE_SIGN_IDENTITY[sdk=iphoneos*]" = "iPhone Developer";
				COPY_PHASE_STRIP = NO;
				DEBUG_INFORMATION_FORMAT = dwarf;
				ENABLE_STRICT_OBJC_MSGSEND = YES;
				ENABLE_TESTABILITY = YES;
				GCC_C_LANGUAGE_STANDARD = gnu99;
				GCC_DYNAMIC_NO_PIC = NO;
				GCC_NO_COMMON_BLOCKS = YES;
				GCC_OPTIMIZATION_LEVEL = 0;
				GCC_PREPROCESSOR_DEFINITIONS = (
					"DEBUG=1",
					"$(inherited)",
				);
				GCC_WARN_64_TO_32_BIT_CONVERSION = YES;
				GCC_WARN_ABOUT_RETURN_TYPE = YES_ERROR;
				GCC_WARN_UNDECLARED_SELECTOR = YES;
				GCC_WARN_UNINITIALIZED_AUTOS = YES_AGGRESSIVE;
				GCC_WARN_UNUSED_FUNCTION = YES;
				GCC_WARN_UNUSED_VARIABLE = YES;
				IPHONEOS_DEPLOYMENT_TARGET = 9.2;
				MTL_ENABLE_DEBUG_INFO = YES;
				ONLY_ACTIVE_ARCH = YES;
				SDKROOT = iphoneos;
				SWIFT_OPTIMIZATION_LEVEL = "-Onone";
				TARGETED_DEVICE_FAMILY = "1,2";
			};
			name = Debug;
		};
		675E72031C6190E20019134D /* Release */ = {
			isa = XCBuildConfiguration;
			buildSettings = {
				ALWAYS_SEARCH_USER_PATHS = NO;
				CLANG_CXX_LANGUAGE_STANDARD = "gnu++0x";
				CLANG_CXX_LIBRARY = "libc++";
				CLANG_ENABLE_MODULES = YES;
				CLANG_ENABLE_OBJC_ARC = YES;
				CLANG_WARN_BOOL_CONVERSION = YES;
				CLANG_WARN_CONSTANT_CONVERSION = YES;
				CLANG_WARN_DIRECT_OBJC_ISA_USAGE = YES_ERROR;
				CLANG_WARN_EMPTY_BODY = YES;
				CLANG_WARN_ENUM_CONVERSION = YES;
				CLANG_WARN_INT_CONVERSION = YES;
				CLANG_WARN_OBJC_ROOT_CLASS = YES_ERROR;
				CLANG_WARN_UNREACHABLE_CODE = YES;
				CLANG_WARN__DUPLICATE_METHOD_MATCH = YES;
				"CODE_SIGN_IDENTITY[sdk=iphoneos*]" = "iPhone Developer";
				COPY_PHASE_STRIP = NO;
				DEBUG_INFORMATION_FORMAT = "dwarf-with-dsym";
				ENABLE_NS_ASSERTIONS = NO;
				ENABLE_STRICT_OBJC_MSGSEND = YES;
				GCC_C_LANGUAGE_STANDARD = gnu99;
				GCC_NO_COMMON_BLOCKS = YES;
				GCC_WARN_64_TO_32_BIT_CONVERSION = YES;
				GCC_WARN_ABOUT_RETURN_TYPE = YES_ERROR;
				GCC_WARN_UNDECLARED_SELECTOR = YES;
				GCC_WARN_UNINITIALIZED_AUTOS = YES_AGGRESSIVE;
				GCC_WARN_UNUSED_FUNCTION = YES;
				GCC_WARN_UNUSED_VARIABLE = YES;
				IPHONEOS_DEPLOYMENT_TARGET = 9.2;
				MTL_ENABLE_DEBUG_INFO = NO;
				SDKROOT = iphoneos;
				TARGETED_DEVICE_FAMILY = "1,2";
				VALIDATE_PRODUCT = YES;
			};
			name = Release;
		};
		675E72051C6190E20019134D /* Debug */ = {
			isa = XCBuildConfiguration;
			buildSettings = {
				ASSETCATALOG_COMPILER_APPICON_NAME = AppIcon;
				INFOPLIST_FILE = CSE615_HW1_P2/Info.plist;
				LD_RUNPATH_SEARCH_PATHS = "$(inherited) @executable_path/Frameworks";
				PRODUCT_BUNDLE_IDENTIFIER = "Venkata-Chekuri.CSE615-HW1-P2";
				PRODUCT_NAME = "$(TARGET_NAME)";
			};
			name = Debug;
		};
		675E72061C6190E20019134D /* Release */ = {
			isa = XCBuildConfiguration;
			buildSettings = {
				ASSETCATALOG_COMPILER_APPICON_NAME = AppIcon;
				INFOPLIST_FILE = CSE615_HW1_P2/Info.plist;
				LD_RUNPATH_SEARCH_PATHS = "$(inherited) @executable_path/Frameworks";
				PRODUCT_BUNDLE_IDENTIFIER = "Venkata-Chekuri.CSE615-HW1-P2";
				PRODUCT_NAME = "$(TARGET_NAME)";
			};
			name = Release;
		};
		675E72081C6190E20019134D /* Debug */ = {
			isa = XCBuildConfiguration;
			buildSettings = {
				BUNDLE_LOADER = "$(TEST_HOST)";
				INFOPLIST_FILE = CSE615_HW1_P2Tests/Info.plist;
				LD_RUNPATH_SEARCH_PATHS = "$(inherited) @executable_path/Frameworks @loader_path/Frameworks";
				PRODUCT_BUNDLE_IDENTIFIER = "Venkata-Chekuri.CSE615-HW1-P2Tests";
				PRODUCT_NAME = "$(TARGET_NAME)";
				TEST_HOST = "$(BUILT_PRODUCTS_DIR)/CSE615_HW1_P2.app/CSE615_HW1_P2";
			};
			name = Debug;
		};
		675E72091C6190E20019134D /* Release */ = {
			isa = XCBuildConfiguration;
			buildSettings = {
				BUNDLE_LOADER = "$(TEST_HOST)";
				INFOPLIST_FILE = CSE615_HW1_P2Tests/Info.plist;
				LD_RUNPATH_SEARCH_PATHS = "$(inherited) @executable_path/Frameworks @loader_path/Frameworks";
				PRODUCT_BUNDLE_IDENTIFIER = "Venkata-Chekuri.CSE615-HW1-P2Tests";
				PRODUCT_NAME = "$(TARGET_NAME)";
				TEST_HOST = "$(BUILT_PRODUCTS_DIR)/CSE615_HW1_P2.app/CSE615_HW1_P2";
			};
			name = Release;
		};
/* End XCBuildConfiguration section */

/* Begin XCConfigurationList section */
		675E71E21C6190E20019134D /* Build configuration list for PBXProject "CSE615_HW1_P2" */ = {
			isa = XCConfigurationList;
			buildConfigurations = (
				675E72021C6190E20019134D /* Debug */,
				675E72031C6190E20019134D /* Release */,
			);
			defaultConfigurationIsVisible = 0;
			defaultConfigurationName = Release;
		};
		675E72041C6190E20019134D /* Build configuration list for PBXNativeTarget "CSE615_HW1_P2" */ = {
			isa = XCConfigurationList;
			buildConfigurations = (
				675E72051C6190E20019134D /* Debug */,
				675E72061C6190E20019134D /* Release */,
			);
			defaultConfigurationIsVisible = 0;
		};
		675E72071C6190E20019134D /* Build configuration list for PBXNativeTarget "CSE615_HW1_P2Tests" */ = {
			isa = XCConfigurationList;
			buildConfigurations = (
				675E72081C6190E20019134D /* Debug */,
				675E72091C6190E20019134D /* Release */,
			);
			defaultConfigurationIsVisible = 0;
		};
/* End XCConfigurationList section */
	};
	rootObject = 675E71DF1C6190E20019134D /* Project object */;
}
